
Microsoft Visual Studio Solution File, Format Version 12.00
Project("{2150E333-8FDC-42A3-9474-1A3956D46DE8}") = "src", "src", "{75B77C50-523F-498E-BF85-F05724D6E6DC}"
EndProject
Project("{FAE04EC0-301F-11D3-BF4B-00C04F79EFBC}") = "Day01", "src\Day01\Day01.csproj", "{AD980515-C3D4-47FC-B50F-3F59E9706190}"
EndProject
Project("{FAE04EC0-301F-11D3-BF4B-00C04F79EFBC}") = "Day02", "src\Day02\Day02.csproj", "{569D3DA9-8369-4783-81D9-316CDD2FF196}"
EndProject
Project("{FAE04EC0-301F-11D3-BF4B-00C04F79EFBC}") = "Day03", "src\Day03\Day03.csproj", "{DACF97F9-F953-41A0-983E-4C7280169CAC}"
EndProject
Project("{FAE04EC0-301F-11D3-BF4B-00C04F79EFBC}") = "Day04", "src\Day04\Day04.csproj", "{A1D47BBC-B54B-4F0C-AF0D-4E26A6F66929}"
EndProject
Project("{FAE04EC0-301F-11D3-BF4B-00C04F79EFBC}") = "Day05", "src\Day05\Day05.csproj", "{545FC489-9FDE-4970-B06B-7FBC22885EDB}"
EndProject
Project("{FAE04EC0-301F-11D3-BF4B-00C04F79EFBC}") = "Day06", "src\Day06\Day06.csproj", "{FD89BDB3-10D1-4899-A6B7-5FCCA8A1D6E1}"
EndProject
Project("{FAE04EC0-301F-11D3-BF4B-00C04F79EFBC}") = "Day07", "src\Day07\Day07.csproj", "{5028EEAC-57A3-4AB8-873B-C3EAC234B6FA}"
EndProject
Global
	GlobalSection(SolutionConfigurationPlatforms) = preSolution
		Debug|Any CPU = Debug|Any CPU
		Release|Any CPU = Release|Any CPU
	EndGlobalSection
	GlobalSection(NestedProjects) = preSolution
		{AD980515-C3D4-47FC-B50F-3F59E9706190} = {75B77C50-523F-498E-BF85-F05724D6E6DC}
		{569D3DA9-8369-4783-81D9-316CDD2FF196} = {75B77C50-523F-498E-BF85-F05724D6E6DC}
		{DACF97F9-F953-41A0-983E-4C7280169CAC} = {75B77C50-523F-498E-BF85-F05724D6E6DC}
		{A1D47BBC-B54B-4F0C-AF0D-4E26A6F66929} = {75B77C50-523F-498E-BF85-F05724D6E6DC}
		{545FC489-9FDE-4970-B06B-7FBC22885EDB} = {75B77C50-523F-498E-BF85-F05724D6E6DC}
		{FD89BDB3-10D1-4899-A6B7-5FCCA8A1D6E1} = {75B77C50-523F-498E-BF85-F05724D6E6DC}
		{5028EEAC-57A3-4AB8-873B-C3EAC234B6FA} = {75B77C50-523F-498E-BF85-F05724D6E6DC}
	EndGlobalSection
	GlobalSection(ProjectConfigurationPlatforms) = postSolution
		{AD980515-C3D4-47FC-B50F-3F59E9706190}.Debug|Any CPU.ActiveCfg = Debug|Any CPU
		{AD980515-C3D4-47FC-B50F-3F59E9706190}.Debug|Any CPU.Build.0 = Debug|Any CPU
		{AD980515-C3D4-47FC-B50F-3F59E9706190}.Release|Any CPU.ActiveCfg = Release|Any CPU
		{AD980515-C3D4-47FC-B50F-3F59E9706190}.Release|Any CPU.Build.0 = Release|Any CPU
		{569D3DA9-8369-4783-81D9-316CDD2FF196}.Debug|Any CPU.ActiveCfg = Debug|Any CPU
		{569D3DA9-8369-4783-81D9-316CDD2FF196}.Debug|Any CPU.Build.0 = Debug|Any CPU
		{569D3DA9-8369-4783-81D9-316CDD2FF196}.Release|Any CPU.ActiveCfg = Release|Any CPU
		{569D3DA9-8369-4783-81D9-316CDD2FF196}.Release|Any CPU.Build.0 = Release|Any CPU
		{DACF97F9-F953-41A0-983E-4C7280169CAC}.Debug|Any CPU.ActiveCfg = Debug|Any CPU
		{DACF97F9-F953-41A0-983E-4C7280169CAC}.Debug|Any CPU.Build.0 = Debug|Any CPU
		{DACF97F9-F953-41A0-983E-4C7280169CAC}.Release|Any CPU.ActiveCfg = Release|Any CPU
		{DACF97F9-F953-41A0-983E-4C7280169CAC}.Release|Any CPU.Build.0 = Release|Any CPU
		{A1D47BBC-B54B-4F0C-AF0D-4E26A6F66929}.Debug|Any CPU.ActiveCfg = Debug|Any CPU
		{A1D47BBC-B54B-4F0C-AF0D-4E26A6F66929}.Debug|Any CPU.Build.0 = Debug|Any CPU
		{A1D47BBC-B54B-4F0C-AF0D-4E26A6F66929}.Release|Any CPU.ActiveCfg = Release|Any CPU
		{A1D47BBC-B54B-4F0C-AF0D-4E26A6F66929}.Release|Any CPU.Build.0 = Release|Any CPU
		{545FC489-9FDE-4970-B06B-7FBC22885EDB}.Debug|Any CPU.ActiveCfg = Debug|Any CPU
		{545FC489-9FDE-4970-B06B-7FBC22885EDB}.Debug|Any CPU.Build.0 = Debug|Any CPU
		{545FC489-9FDE-4970-B06B-7FBC22885EDB}.Release|Any CPU.ActiveCfg = Release|Any CPU
		{545FC489-9FDE-4970-B06B-7FBC22885EDB}.Release|Any CPU.Build.0 = Release|Any CPU
		{FD89BDB3-10D1-4899-A6B7-5FCCA8A1D6E1}.Debug|Any CPU.ActiveCfg = Debug|Any CPU
		{FD89BDB3-10D1-4899-A6B7-5FCCA8A1D6E1}.Debug|Any CPU.Build.0 = Debug|Any CPU
		{FD89BDB3-10D1-4899-A6B7-5FCCA8A1D6E1}.Release|Any CPU.ActiveCfg = Release|Any CPU
		{FD89BDB3-10D1-4899-A6B7-5FCCA8A1D6E1}.Release|Any CPU.Build.0 = Release|Any CPU
		{5028EEAC-57A3-4AB8-873B-C3EAC234B6FA}.Debug|Any CPU.ActiveCfg = Debug|Any CPU
		{5028EEAC-57A3-4AB8-873B-C3EAC234B6FA}.Debug|Any CPU.Build.0 = Debug|Any CPU
		{5028EEAC-57A3-4AB8-873B-C3EAC234B6FA}.Release|Any CPU.ActiveCfg = Release|Any CPU
		{5028EEAC-57A3-4AB8-873B-C3EAC234B6FA}.Release|Any CPU.Build.0 = Release|Any CPU
	EndGlobalSection
EndGlobal
