
Microsoft Visual Studio Solution File, Format Version 12.00
Project("{2150E333-8FDC-42A3-9474-1A3956D46DE8}") = "src", "src", "{75B77C50-523F-498E-BF85-F05724D6E6DC}"
EndProject
Project("{FAE04EC0-301F-11D3-BF4B-00C04F79EFBC}") = "Day01", "src\Day01\Day01.csproj", "{AD980515-C3D4-47FC-B50F-3F59E9706190}"
EndProject
Global
	GlobalSection(SolutionConfigurationPlatforms) = preSolution
		Debug|Any CPU = Debug|Any CPU
		Release|Any CPU = Release|Any CPU
	EndGlobalSection
	GlobalSection(NestedProjects) = preSolution
		{AD980515-C3D4-47FC-B50F-3F59E9706190} = {75B77C50-523F-498E-BF85-F05724D6E6DC}
	EndGlobalSection
	GlobalSection(ProjectConfigurationPlatforms) = postSolution
		{AD980515-C3D4-47FC-B50F-3F59E9706190}.Debug|Any CPU.ActiveCfg = Debug|Any CPU
		{AD980515-C3D4-47FC-B50F-3F59E9706190}.Debug|Any CPU.Build.0 = Debug|Any CPU
		{AD980515-C3D4-47FC-B50F-3F59E9706190}.Release|Any CPU.ActiveCfg = Release|Any CPU
		{AD980515-C3D4-47FC-B50F-3F59E9706190}.Release|Any CPU.Build.0 = Release|Any CPU
	EndGlobalSection
EndGlobal
